{
  "name": "js_tutorial",
  "lockfileVersion": 3,
  "requires": true,
  "packages": {
    "": {
      "dependencies": {
        "inada-palindrome": "^0.2.0"
      }
    },
    "node_modules/inada-palindrome": {
      "version": "0.2.0",
      "resolved": "https://registry.npmjs.org/inada-palindrome/-/inada-palindrome-0.2.0.tgz",
      "integrity": "sha512-Aeno/B1QSDYFYHIcnXPTIJrajb0frENA655zBXrS+9iEXEaL4xDyOoi6LI9HHWFhgQaEj47sFM5aTKR+evQ9jg=="
    }
  }
}
